# Generated by buf. DO NOT EDIT.
version: v2
deps:
  - name: buf.build/gnostic/gnostic
    commit: 087bc8072ce44e339f213209e4d57bf0
    digest: b5:c4eebcd04bc2fdd5dd0b8d695eb419682a650b600cdb56ff2ed61208a24603e0eb1b8ae0d467925c69a24bde6d322f3c4112bd2b8efdd682d8c3128384cdac9a
  - name: buf.build/googleapis/googleapis
    commit: 7a6bc1e3207144b38e9066861e1de0ff
    digest: b5:6d05bde5ed4cd22531d7ca6467feb828d2dc45cc9de12ce3345fbddd64ddb1bf0db756558c32ca49e6bc7de4426ada8960d5590e8446854b81f5f36f0916dc48
